
Microsoft Visual Studio Solution File, Format Version 12.00
# Visual Studio Version 16
VisualStudioVersion = 16.0.30503.244
MinimumVisualStudioVersion = 10.0.40219.1
Project("{FAE04EC0-301F-11D3-BF4B-00C04F79EFBC}") = "GropProject3", "GropProject3.csproj", "{160AE613-5A7F-48AE-89E8-41C27B0C9DE4}"
EndProject
Global
	GlobalSection(SolutionConfigurationPlatforms) = preSolution
		Debug|Any CPU = Debug|Any CPU
		Release|Any CPU = Release|Any CPU
	EndGlobalSection
	GlobalSection(ProjectConfigurationPlatforms) = postSolution
		{160AE613-5A7F-48AE-89E8-41C27B0C9DE4}.Debug|Any CPU.ActiveCfg = Debug|Any CPU
		{160AE613-5A7F-48AE-89E8-41C27B0C9DE4}.Debug|Any CPU.Build.0 = Debug|Any CPU
		{160AE613-5A7F-48AE-89E8-41C27B0C9DE4}.Release|Any CPU.ActiveCfg = Release|Any CPU
		{160AE613-5A7F-48AE-89E8-41C27B0C9DE4}.Release|Any CPU.Build.0 = Release|Any CPU
	EndGlobalSection
	GlobalSection(SolutionProperties) = preSolution
		HideSolutionNode = FALSE
	EndGlobalSection
	GlobalSection(ExtensibilityGlobals) = postSolution
		SolutionGuid = {CDA4E38E-E3A6-4395-955D-707F079728BE}
	EndGlobalSection
EndGlobal
